
Microsoft Visual Studio Solution File, Format Version 12.00
# Visual Studio Version 16
VisualStudioVersion = 16.0.33529.622
MinimumVisualStudioVersion = 10.0.40219.1
Project("{FAE04EC0-301F-11D3-BF4B-00C04F79EFBC}") = "Problem 3", "Problem 3\Problem 3.csproj", "{93C4F0F6-68A8-49B3-A54D-5A148A527720}"
EndProject
Global
	GlobalSection(SolutionConfigurationPlatforms) = preSolution
		Debug|Any CPU = Debug|Any CPU
		Release|Any CPU = Release|Any CPU
	EndGlobalSection
	GlobalSection(ProjectConfigurationPlatforms) = postSolution
		{93C4F0F6-68A8-49B3-A54D-5A148A527720}.Debug|Any CPU.ActiveCfg = Debug|Any CPU
		{93C4F0F6-68A8-49B3-A54D-5A148A527720}.Debug|Any CPU.Build.0 = Debug|Any CPU
		{93C4F0F6-68A8-49B3-A54D-5A148A527720}.Release|Any CPU.ActiveCfg = Release|Any CPU
		{93C4F0F6-68A8-49B3-A54D-5A148A527720}.Release|Any CPU.Build.0 = Release|Any CPU
	EndGlobalSection
	GlobalSection(SolutionProperties) = preSolution
		HideSolutionNode = FALSE
	EndGlobalSection
	GlobalSection(ExtensibilityGlobals) = postSolution
		SolutionGuid = {C793010C-958F-4DD2-ADFB-E3542A170969}
	EndGlobalSection
EndGlobal
